<?xml version="1.0" encoding="utf-8"?>
<Project ToolsVersion="4.0" xmlns="http://schemas.microsoft.com/developer/msbuild/2003">
  <ItemGroup>
    <Filter Include="src">
      <UniqueIdentifier>{4423d75e-8bc9-4885-b5cb-ddfc93d74a2d}</UniqueIdentifier>
    </Filter>
    <Filter Include="include">
      <UniqueIdentifier>{20ea991f-290f-40c8-bc74-3873535d0b22}</UniqueIdentifier>
    </Filter>
  </ItemGroup>
  <ItemGroup>
    <ClCompile Include="src\ArcCircle.cpp">
      <Filter>src</Filter>
    </ClCompile>
    <ClCompile Include="src\Circle.cpp">
      <Filter>src</Filter>
    </ClCompile>
    <ClCompile Include="src\CivilDeveloperTask.cpp">
      <Filter>src</Filter>
    </ClCompile>
    <ClCompile Include="src\DataProvider.cpp">
      <Filter>src</Filter>
    </ClCompile>
    <ClCompile Include="src\Exceptions.cpp">
      <Filter>src</Filter>
    </ClCompile>
    <ClCompile Include="src\Point2d.cpp">
      <Filter>src</Filter>
    </ClCompile>
    <ClCompile Include="src\PolyLine.cpp">
      <Filter>src</Filter>
    </ClCompile>
    <ClCompile Include="src\Rect.cpp">
      <Filter>src</Filter>
    </ClCompile>
    <ClCompile Include="src\WDraw.cpp">
      <Filter>src</Filter>
    </ClCompile>
    <ClCompile Include="src\ObjProv.cpp">
      <Filter>src</Filter>
    </ClCompile>
    <ClCompile Include="src\PolyGon.cpp">
      <Filter>src</Filter>
    </ClCompile>
    <ClCompile Include="src\Strategys.cpp">
      <Filter>src</Filter>
    </ClCompile>
    <ClCompile Include="src\Decorator.cpp">
      <Filter>src</Filter>
    </ClCompile>
  </ItemGroup>
  <ItemGroup>
    <Text Include="ReadMe.txt" />
  </ItemGroup>
  <ItemGroup>
    <ClInclude Include="include\ArcCircle.h">
      <Filter>include</Filter>
    </ClInclude>
    <ClInclude Include="include\Circle.h">
      <Filter>include</Filter>
    </ClInclude>
    <ClInclude Include="include\DataProvider.h">
      <Filter>include</Filter>
    </ClInclude>
    <ClInclude Include="include\ObjProv.h">
      <Filter>include</Filter>
    </ClInclude>
    <ClInclude Include="include\Exceptions.h">
      <Filter>include</Filter>
    </ClInclude>
    <ClInclude Include="include\Object.h">
      <Filter>include</Filter>
    </ClInclude>
    <ClInclude Include="include\Point2d.h">
      <Filter>include</Filter>
    </ClInclude>
    <ClInclude Include="include\PolyLine.h">
      <Filter>include</Filter>
    </ClInclude>
    <ClInclude Include="include\Rect.h">
      <Filter>include</Filter>
    </ClInclude>
    <ClInclude Include="include\WDraw.h">
      <Filter>include</Filter>
    </ClInclude>
    <ClInclude Include="include\PolyGon.h">
      <Filter>include</Filter>
    </ClInclude>
    <ClInclude Include="include\Strategys.h">
      <Filter>include</Filter>
    </ClInclude>
    <ClInclude Include="include\Decorator.h">
      <Filter>include</Filter>
    </ClInclude>
  </ItemGroup>
</Project>